name: spec003-land-qualified-cedar-candidate-validator

on:
  push:
    branches:
      - impl/003-identity-policy-secrets-sandbox

permissions:
  contents: write

jobs:
  land:
    if: github.repository == 'TheHalfMoon/Golam' && github.ref == 'refs/heads/impl/003-identity-policy-secrets-sandbox'
    runs-on: ubuntu-latest
    steps:
      - uses: actions/checkout@v4
        with:
          fetch-depth: 1
      - name: Install pinned Rust toolchain
        run: rustup toolchain install 1.98.0 --profile minimal --component rustfmt,clippy
      - name: Build exact T003-014 candidate
        shell: bash
        run: |
          set -euo pipefail
          python3 - <<'PY'
          from pathlib import Path

          root = Path("Cargo.toml")
          text = root.read_text()
          needle = 'blake3 = { version = "=1.8.7", features = ["pure"] }\n'
          replacement = needle + 'cedar-policy = { version = "=4.12.0", default-features = false }\n'
          if text.count(needle) != 1 or 'cedar-policy = ' in text:
              raise SystemExit("unexpected root Cargo.toml state")
          root.write_text(text.replace(needle, replacement, 1))

          kernel = Path("crates/golam-kernel/Cargo.toml")
          text = kernel.read_text()
          needle = '[dependencies]\n'
          replacement = '[dependencies]\ncedar-policy.workspace = true\n'
          if text.count(needle) != 1 or 'cedar-policy.workspace' in text:
              raise SystemExit("unexpected kernel Cargo.toml state")
          kernel.write_text(text.replace(needle, replacement, 1))

          lib = Path("crates/golam-kernel/src/lib.rs")
          text = lib.read_text()
          needle = 'mod operations;\nmod resource;\n'
          replacement = 'mod operations;\npub mod policy_candidate;\nmod resource;\n'
          if text.count(needle) != 1 or 'mod policy_candidate;' in text:
              raise SystemExit("unexpected kernel lib.rs state")
          lib.write_text(text.replace(needle, replacement, 1))
          PY

          cat > crates/golam-kernel/src/policy_candidate.rs <<'RS'
          #![forbid(unsafe_code)]

          use std::error::Error;
          use std::fmt;
          use std::str::FromStr;

          use cedar_policy::{PolicySet, Schema, ValidationMode, Validator};

          pub const MAX_CANDIDATE_POLICY_BYTES: usize = 131_072;
          pub const MAX_CANDIDATE_SCHEMA_BYTES: usize = 131_072;
          pub const MAX_CANDIDATE_DIAGNOSTICS: usize = 16;
          pub const MAX_CANDIDATE_DIAGNOSTIC_CHARS: usize = 512;

          #[derive(Clone, Copy, Debug, Eq, PartialEq)]
          pub enum CandidatePolicyFailureKind {
              PolicyTooLarge,
              SchemaTooLarge,
              PolicyParse,
              SchemaParse,
              SchemaWarning,
              PolicyValidation,
          }

          #[derive(Clone, Debug, Eq, PartialEq)]
          pub struct CandidatePolicyError {
              kind: CandidatePolicyFailureKind,
              diagnostics: Vec<String>,
          }

          impl CandidatePolicyError {
              pub const fn kind(&self) -> CandidatePolicyFailureKind {
                  self.kind
              }

              pub fn diagnostics(&self) -> &[String] {
                  &self.diagnostics
              }

              fn single(kind: CandidatePolicyFailureKind, diagnostic: impl fmt::Display) -> Self {
                  Self {
                      kind,
                      diagnostics: vec![bounded_diagnostic(diagnostic)],
                  }
              }

              fn from_diagnostics<T, I>(kind: CandidatePolicyFailureKind, diagnostics: I) -> Self
              where
                  T: fmt::Display,
                  I: IntoIterator<Item = T>,
              {
                  Self {
                      kind,
                      diagnostics: diagnostics
                          .into_iter()
                          .take(MAX_CANDIDATE_DIAGNOSTICS)
                          .map(bounded_diagnostic)
                          .collect(),
                  }
              }
          }

          impl fmt::Display for CandidatePolicyError {
              fn fmt(&self, f: &mut fmt::Formatter<'_>) -> fmt::Result {
                  write!(f, "candidate policy rejected: {:?}", self.kind)?;
                  if let Some(first) = self.diagnostics.first() {
                      write!(f, ": {first}")?;
                  }
                  Ok(())
              }
          }

          impl Error for CandidatePolicyError {}

          #[derive(Clone, Debug, Eq, PartialEq)]
          pub struct ValidatedPolicyCandidate {
              policy_source: String,
              schema_source: String,
          }

          impl ValidatedPolicyCandidate {
              pub fn policy_source(&self) -> &str {
                  &self.policy_source
              }

              pub fn schema_source(&self) -> &str {
                  &self.schema_source
              }

              pub fn into_sources(self) -> (String, String) {
                  (self.policy_source, self.schema_source)
              }
          }

          pub fn validate_policy_candidate(
              policy_source: &str,
              schema_source: &str,
          ) -> Result<ValidatedPolicyCandidate, CandidatePolicyError> {
              if policy_source.len() > MAX_CANDIDATE_POLICY_BYTES {
                  return Err(CandidatePolicyError::single(
                      CandidatePolicyFailureKind::PolicyTooLarge,
                      format_args!(
                          "policy source is {} bytes; maximum is {}",
                          policy_source.len(),
                          MAX_CANDIDATE_POLICY_BYTES
                      ),
                  ));
              }
              if schema_source.len() > MAX_CANDIDATE_SCHEMA_BYTES {
                  return Err(CandidatePolicyError::single(
                      CandidatePolicyFailureKind::SchemaTooLarge,
                      format_args!(
                          "schema source is {} bytes; maximum is {}",
                          schema_source.len(),
                          MAX_CANDIDATE_SCHEMA_BYTES
                      ),
                  ));
              }

              let policy_set = PolicySet::from_str(policy_source).map_err(|error| {
                  CandidatePolicyError::single(CandidatePolicyFailureKind::PolicyParse, error)
              })?;
              let (schema, schema_warnings) = Schema::from_cedarschema_str(schema_source).map_err(|error| {
                  CandidatePolicyError::single(CandidatePolicyFailureKind::SchemaParse, error)
              })?;

              let warnings = schema_warnings.into_iter().collect::<Vec<_>>();
              if !warnings.is_empty() {
                  return Err(CandidatePolicyError::from_diagnostics(
                      CandidatePolicyFailureKind::SchemaWarning,
                      warnings,
                  ));
              }

              let result = Validator::new(schema).validate(&policy_set, ValidationMode::Strict);
              if !result.validation_passed_without_warnings() {
                  let diagnostics = result
                      .validation_errors()
                      .map(|error| error.to_string())
                      .chain(result.validation_warnings().map(|warning| warning.to_string()));
                  return Err(CandidatePolicyError::from_diagnostics(
                      CandidatePolicyFailureKind::PolicyValidation,
                      diagnostics,
                  ));
              }

              Ok(ValidatedPolicyCandidate {
                  policy_source: policy_source.to_owned(),
                  schema_source: schema_source.to_owned(),
              })
          }

          fn bounded_diagnostic(diagnostic: impl fmt::Display) -> String {
              diagnostic
                  .to_string()
                  .chars()
                  .take(MAX_CANDIDATE_DIAGNOSTIC_CHARS)
                  .collect()
          }

          #[cfg(test)]
          mod tests {
              use super::*;

              const SCHEMA: &str = r#"
          entity User;
          entity Photo;
          action view appliesTo { principal: [User], resource: [Photo] };
          "#;

              const POLICY: &str = r#"
          permit(
              principal is User,
              action == Action::"view",
              resource is Photo
          );
          "#;

              #[test]
              fn valid_candidate_passes_strict_validation_and_preserves_exact_sources() {
                  let candidate = validate_policy_candidate(POLICY, SCHEMA).unwrap();
                  assert_eq!(candidate.policy_source(), POLICY);
                  assert_eq!(candidate.schema_source(), SCHEMA);
                  assert_eq!(
                      candidate.clone().into_sources(),
                      (POLICY.to_owned(), SCHEMA.to_owned())
                  );
              }

              #[test]
              fn malformed_policy_and_schema_fail_closed() {
                  let policy_error = validate_policy_candidate("permit(", SCHEMA).unwrap_err();
                  assert_eq!(policy_error.kind(), CandidatePolicyFailureKind::PolicyParse);
                  assert!(!policy_error.diagnostics().is_empty());

                  let schema_error = validate_policy_candidate(POLICY, "entity").unwrap_err();
                  assert_eq!(schema_error.kind(), CandidatePolicyFailureKind::SchemaParse);
                  assert!(!schema_error.diagnostics().is_empty());
              }

              #[test]
              fn schema_invalid_policy_is_rejected() {
                  let invalid = r#"
          permit(
              principal is User,
              action == Action::"delete",
              resource is Photo
          );
          "#;
                  let error = validate_policy_candidate(invalid, SCHEMA).unwrap_err();
                  assert_eq!(error.kind(), CandidatePolicyFailureKind::PolicyValidation);
                  assert!(!error.diagnostics().is_empty());
              }

              #[test]
              fn candidate_inputs_are_bounded_before_cedar_parsing() {
                  let policy = " ".repeat(MAX_CANDIDATE_POLICY_BYTES + 1);
                  let error = validate_policy_candidate(&policy, SCHEMA).unwrap_err();
                  assert_eq!(error.kind(), CandidatePolicyFailureKind::PolicyTooLarge);

                  let schema = " ".repeat(MAX_CANDIDATE_SCHEMA_BYTES + 1);
                  let error = validate_policy_candidate(POLICY, &schema).unwrap_err();
                  assert_eq!(error.kind(), CandidatePolicyFailureKind::SchemaTooLarge);
              }

              #[test]
              fn diagnostics_are_bounded_in_count_and_text() {
                  let long_action = "x".repeat(MAX_CANDIDATE_DIAGNOSTIC_CHARS * 4);
                  let policy = format!(
                      "permit(principal is User, action == Action::\"{long_action}\", resource is Photo);"
                  );
                  let error = validate_policy_candidate(&policy, SCHEMA).unwrap_err();
                  assert_eq!(error.kind(), CandidatePolicyFailureKind::PolicyValidation);
                  assert!(error.diagnostics().len() <= MAX_CANDIDATE_DIAGNOSTICS);
                  assert!(
                      error
                          .diagnostics()
                          .iter()
                          .all(|diagnostic| diagnostic.chars().count() <= MAX_CANDIDATE_DIAGNOSTIC_CHARS)
                  );
              }
          }
          RS

          cargo +1.98.0 generate-lockfile
          actual_lock_sha=$(sha256sum Cargo.lock | awk '{print $1}')
          test "$actual_lock_sha" = "bf512d050decd6de89152fb5301e84fadcf0c1c09583f2bcec83fe0c6423061d"
          cargo +1.98.0 fmt --all
          cargo +1.98.0 clippy --locked --workspace --all-targets -- -D warnings
          cargo +1.98.0 test --locked --workspace --all-targets
          rm .github/workflows/spec003-resolve-lock.yml
          git diff --check
          git add -A
          actual_paths=$(git diff --cached --name-only | sort)
          expected_paths=$(printf '%s\n' \
            .github/workflows/spec003-resolve-lock.yml \
            Cargo.lock \
            Cargo.toml \
            crates/golam-kernel/Cargo.toml \
            crates/golam-kernel/src/lib.rs \
            crates/golam-kernel/src/policy_candidate.rs | sort)
          test "$actual_paths" = "$expected_paths"
      - name: Commit exact validated candidate
        shell: bash
        run: |
          set -euo pipefail
          git config user.name "github-actions[bot]"
          git config user.email "41898282+github-actions[bot]@users.noreply.github.com"
          git commit -m "feat: validate Spec 003 Cedar policy candidates"
          git push origin "HEAD:${GITHUB_REF_NAME}"
